
Microsoft Visual Studio Solution File, Format Version 12.00
# Visual Studio Version 16
VisualStudioVersion = 16.0.30717.126
MinimumVisualStudioVersion = 10.0.40219.1
Project("{FAE04EC0-301F-11D3-BF4B-00C04F79EFBC}") = "ProyectoTienda", "ProyectoTienda.csproj", "{4ABEE607-4473-4788-8FC6-31868DFADEBD}"
EndProject
Global
	GlobalSection(SolutionConfigurationPlatforms) = preSolution
		Debug|Any CPU = Debug|Any CPU
		Release|Any CPU = Release|Any CPU
	EndGlobalSection
	GlobalSection(ProjectConfigurationPlatforms) = postSolution
		{4ABEE607-4473-4788-8FC6-31868DFADEBD}.Debug|Any CPU.ActiveCfg = Debug|Any CPU
		{4ABEE607-4473-4788-8FC6-31868DFADEBD}.Debug|Any CPU.Build.0 = Debug|Any CPU
		{4ABEE607-4473-4788-8FC6-31868DFADEBD}.Release|Any CPU.ActiveCfg = Release|Any CPU
		{4ABEE607-4473-4788-8FC6-31868DFADEBD}.Release|Any CPU.Build.0 = Release|Any CPU
	EndGlobalSection
	GlobalSection(SolutionProperties) = preSolution
		HideSolutionNode = FALSE
	EndGlobalSection
	GlobalSection(ExtensibilityGlobals) = postSolution
		SolutionGuid = {141BB31D-E1D2-4331-BA73-DC6C35FBC33C}
	EndGlobalSection
EndGlobal
